
Microsoft Visual Studio Solution File, Format Version 12.00
# Visual Studio Version 16
VisualStudioVersion = 16.0.29418.71
MinimumVisualStudioVersion = 10.0.40219.1
Project("{FAE04EC0-301F-11D3-BF4B-00C04F79EFBC}") = "ACTinportLog", "ACTinportLog\ACTinportLog.csproj", "{3A6CB4AB-30E8-49A4-A652-A79369950C83}"
EndProject
Project("{FAE04EC0-301F-11D3-BF4B-00C04F79EFBC}") = "ACTimportLog", "ACTimportLog\ACTimportLog.csproj", "{21EFE076-AF9F-47CD-AD51-7801C612222B}"
EndProject
Project("{FAE04EC0-301F-11D3-BF4B-00C04F79EFBC}") = "ACTLogActionChecker", "ACTLogActionChecker\ACTLogActionChecker.csproj", "{9B678325-A3FA-46C5-963E-203AF2DFE537}"
EndProject
Global
	GlobalSection(SolutionConfigurationPlatforms) = preSolution
		Debug|Any CPU = Debug|Any CPU
		Release|Any CPU = Release|Any CPU
	EndGlobalSection
	GlobalSection(ProjectConfigurationPlatforms) = postSolution
		{3A6CB4AB-30E8-49A4-A652-A79369950C83}.Debug|Any CPU.ActiveCfg = Debug|Any CPU
		{3A6CB4AB-30E8-49A4-A652-A79369950C83}.Debug|Any CPU.Build.0 = Debug|Any CPU
		{3A6CB4AB-30E8-49A4-A652-A79369950C83}.Release|Any CPU.ActiveCfg = Release|Any CPU
		{3A6CB4AB-30E8-49A4-A652-A79369950C83}.Release|Any CPU.Build.0 = Release|Any CPU
		{21EFE076-AF9F-47CD-AD51-7801C612222B}.Debug|Any CPU.ActiveCfg = Debug|Any CPU
		{21EFE076-AF9F-47CD-AD51-7801C612222B}.Debug|Any CPU.Build.0 = Debug|Any CPU
		{21EFE076-AF9F-47CD-AD51-7801C612222B}.Release|Any CPU.ActiveCfg = Release|Any CPU
		{21EFE076-AF9F-47CD-AD51-7801C612222B}.Release|Any CPU.Build.0 = Release|Any CPU
		{9B678325-A3FA-46C5-963E-203AF2DFE537}.Debug|Any CPU.ActiveCfg = Debug|Any CPU
		{9B678325-A3FA-46C5-963E-203AF2DFE537}.Debug|Any CPU.Build.0 = Debug|Any CPU
		{9B678325-A3FA-46C5-963E-203AF2DFE537}.Release|Any CPU.ActiveCfg = Release|Any CPU
		{9B678325-A3FA-46C5-963E-203AF2DFE537}.Release|Any CPU.Build.0 = Release|Any CPU
	EndGlobalSection
	GlobalSection(SolutionProperties) = preSolution
		HideSolutionNode = FALSE
	EndGlobalSection
	GlobalSection(ExtensibilityGlobals) = postSolution
		SolutionGuid = {EB5164D1-574D-4A07-8E98-0D94AAE083D2}
	EndGlobalSection
EndGlobal
